
Microsoft Visual Studio Solution File, Format Version 12.00
# Visual Studio Version 16
VisualStudioVersion = 16.0.29509.3
MinimumVisualStudioVersion = 10.0.40219.1
Project("{FAE04EC0-301F-11D3-BF4B-00C04F79EFBC}") = "DeskBooker.Core.Tests", "DeskBooker.Core.Tests\DeskBooker.Core.Tests.csproj", "{68E8C47A-B0D9-4E3F-BB38-9C3E2D555E33}"
EndProject
Project("{FAE04EC0-301F-11D3-BF4B-00C04F79EFBC}") = "DeskBooker.Core", "DeskBooker.Core\DeskBooker.Core.csproj", "{5A6B296A-7130-4405-99D0-8E96B03CBCF9}"
EndProject
Global
	GlobalSection(SolutionConfigurationPlatforms) = preSolution
		Debug|Any CPU = Debug|Any CPU
		Release|Any CPU = Release|Any CPU
	EndGlobalSection
	GlobalSection(ProjectConfigurationPlatforms) = postSolution
		{68E8C47A-B0D9-4E3F-BB38-9C3E2D555E33}.Debug|Any CPU.ActiveCfg = Debug|Any CPU
		{68E8C47A-B0D9-4E3F-BB38-9C3E2D555E33}.Debug|Any CPU.Build.0 = Debug|Any CPU
		{68E8C47A-B0D9-4E3F-BB38-9C3E2D555E33}.Release|Any CPU.ActiveCfg = Release|Any CPU
		{68E8C47A-B0D9-4E3F-BB38-9C3E2D555E33}.Release|Any CPU.Build.0 = Release|Any CPU
		{5A6B296A-7130-4405-99D0-8E96B03CBCF9}.Debug|Any CPU.ActiveCfg = Debug|Any CPU
		{5A6B296A-7130-4405-99D0-8E96B03CBCF9}.Debug|Any CPU.Build.0 = Debug|Any CPU
		{5A6B296A-7130-4405-99D0-8E96B03CBCF9}.Release|Any CPU.ActiveCfg = Release|Any CPU
		{5A6B296A-7130-4405-99D0-8E96B03CBCF9}.Release|Any CPU.Build.0 = Release|Any CPU
	EndGlobalSection
	GlobalSection(SolutionProperties) = preSolution
		HideSolutionNode = FALSE
	EndGlobalSection
	GlobalSection(ExtensibilityGlobals) = postSolution
		SolutionGuid = {BA802F06-B890-44AD-B542-6844F5103A91}
	EndGlobalSection
EndGlobal
